
Microsoft Visual Studio Solution File, Format Version 12.00
# Visual Studio Version 16
VisualStudioVersion = 16.0.30717.126
MinimumVisualStudioVersion = 10.0.40219.1
Project("{9A19103F-16F7-4668-BE54-9A1E7A4F7556}") = "YukariBlazorDemo.Server", "Server\YukariBlazorDemo.Server.csproj", "{D9BA15C1-1899-4713-A61F-8B36176FC324}"
EndProject
Project("{9A19103F-16F7-4668-BE54-9A1E7A4F7556}") = "YukariBlazorDemo.Client", "Client\YukariBlazorDemo.Client.csproj", "{F7042B42-B14D-4CCA-905D-289CA78D1B72}"
EndProject
Project("{9A19103F-16F7-4668-BE54-9A1E7A4F7556}") = "YukariBlazorDemo.Shared", "Shared\YukariBlazorDemo.Shared.csproj", "{544222BF-3DAE-4D68-B093-0E73761FCDDB}"
EndProject
Global
	GlobalSection(SolutionConfigurationPlatforms) = preSolution
		Debug|Any CPU = Debug|Any CPU
		Release|Any CPU = Release|Any CPU
	EndGlobalSection
	GlobalSection(ProjectConfigurationPlatforms) = postSolution
		{D9BA15C1-1899-4713-A61F-8B36176FC324}.Debug|Any CPU.ActiveCfg = Debug|Any CPU
		{D9BA15C1-1899-4713-A61F-8B36176FC324}.Debug|Any CPU.Build.0 = Debug|Any CPU
		{D9BA15C1-1899-4713-A61F-8B36176FC324}.Release|Any CPU.ActiveCfg = Release|Any CPU
		{D9BA15C1-1899-4713-A61F-8B36176FC324}.Release|Any CPU.Build.0 = Release|Any CPU
		{F7042B42-B14D-4CCA-905D-289CA78D1B72}.Debug|Any CPU.ActiveCfg = Debug|Any CPU
		{F7042B42-B14D-4CCA-905D-289CA78D1B72}.Debug|Any CPU.Build.0 = Debug|Any CPU
		{F7042B42-B14D-4CCA-905D-289CA78D1B72}.Release|Any CPU.ActiveCfg = Release|Any CPU
		{F7042B42-B14D-4CCA-905D-289CA78D1B72}.Release|Any CPU.Build.0 = Release|Any CPU
		{544222BF-3DAE-4D68-B093-0E73761FCDDB}.Debug|Any CPU.ActiveCfg = Debug|Any CPU
		{544222BF-3DAE-4D68-B093-0E73761FCDDB}.Debug|Any CPU.Build.0 = Debug|Any CPU
		{544222BF-3DAE-4D68-B093-0E73761FCDDB}.Release|Any CPU.ActiveCfg = Release|Any CPU
		{544222BF-3DAE-4D68-B093-0E73761FCDDB}.Release|Any CPU.Build.0 = Release|Any CPU
	EndGlobalSection
	GlobalSection(SolutionProperties) = preSolution
		HideSolutionNode = FALSE
	EndGlobalSection
	GlobalSection(ExtensibilityGlobals) = postSolution
		SolutionGuid = {B77C117A-7439-4BFF-8DF2-B583FB36D573}
	EndGlobalSection
EndGlobal
